
Microsoft Visual Studio Solution File, Format Version 12.00
# Visual Studio Version 17
VisualStudioVersion = 17.0.31919.166
MinimumVisualStudioVersion = 10.0.40219.1
Project("{9A19103F-16F7-4668-BE54-9A1E7A4F7556}") = "CrytonCoreNext", "CrytonCoreNext\CrytonCoreNext.csproj", "{A04DFF11-C0F8-4E04-AFDD-509A246C3CCD}"
EndProject
Project("{FAE04EC0-301F-11D3-BF4B-00C04F79EFBC}") = "CrytonCoreNextTests", "CrytonCoreNextTests\CrytonCoreNextTests.csproj", "{A2110F74-AF65-4C99-86B1-8AAC8EABEF82}"
EndProject
Global
	GlobalSection(SolutionConfigurationPlatforms) = preSolution
		Debug|Any CPU = Debug|Any CPU
		Release|Any CPU = Release|Any CPU
	EndGlobalSection
	GlobalSection(ProjectConfigurationPlatforms) = postSolution
		{A04DFF11-C0F8-4E04-AFDD-509A246C3CCD}.Debug|Any CPU.ActiveCfg = Debug|Any CPU
		{A04DFF11-C0F8-4E04-AFDD-509A246C3CCD}.Debug|Any CPU.Build.0 = Debug|Any CPU
		{A04DFF11-C0F8-4E04-AFDD-509A246C3CCD}.Release|Any CPU.ActiveCfg = Release|Any CPU
		{A04DFF11-C0F8-4E04-AFDD-509A246C3CCD}.Release|Any CPU.Build.0 = Release|Any CPU
		{A2110F74-AF65-4C99-86B1-8AAC8EABEF82}.Debug|Any CPU.ActiveCfg = Debug|Any CPU
		{A2110F74-AF65-4C99-86B1-8AAC8EABEF82}.Debug|Any CPU.Build.0 = Debug|Any CPU
		{A2110F74-AF65-4C99-86B1-8AAC8EABEF82}.Release|Any CPU.ActiveCfg = Release|Any CPU
		{A2110F74-AF65-4C99-86B1-8AAC8EABEF82}.Release|Any CPU.Build.0 = Release|Any CPU
	EndGlobalSection
	GlobalSection(SolutionProperties) = preSolution
		HideSolutionNode = FALSE
	EndGlobalSection
	GlobalSection(ExtensibilityGlobals) = postSolution
		SolutionGuid = {383D9DF5-78DC-49BB-934E-CB7978214B6B}
	EndGlobalSection
EndGlobal
